{
  "name": "dcl-project",
  "version": "1.0.0",
  "lockfileVersion": 1,
  "requires": true,
  "dependencies": {
    "decentraland-ecs": {
      "version": "6.5.1-20200829153759.commit-c78ca67",
      "resolved": "https://registry.npmjs.org/decentraland-ecs/-/decentraland-ecs-6.5.1-20200829153759.commit-c78ca67.tgz",
      "integrity": "sha512-psTToraADvZ7vWiHCsndixkza1zqhbza6Gn7f1nuqQ4mDSC0kvD6Cov5wAQyU1rAwmyxTQZ6N5SkHlvPirSNWg==",
      "dev": true,
      "requires": {
        "typescript": "^3.8.3",
        "uglify-js": "^3.5.2"
      }
    },
    "eth-connect": {
      "version": "4.0.2",
      "resolved": "https://registry.npmjs.org/eth-connect/-/eth-connect-4.0.2.tgz",
      "integrity": "sha512-ifDMf6KHhKSH2uULOYfjGN9JqyZ3WlSkhAenBNzYdfDLwelXCXzXDAx7Ta2zueOag9x8o/JstCy2Nbsrgs3kVg=="
    },
    "typescript": {
      "version": "3.9.7",
      "resolved": "https://registry.npmjs.org/typescript/-/typescript-3.9.7.tgz",
      "integrity": "sha512-BLbiRkiBzAwsjut4x/dsibSTB6yWpwT5qWmC2OfuCg3GgVQCSgMs4vEctYPhsaGtd0AeuuHMkjZ2h2WG8MSzRw==",
      "dev": true
    },
    "uglify-js": {
      "version": "3.10.3",
      "resolved": "https://registry.npmjs.org/uglify-js/-/uglify-js-3.10.3.tgz",
      "integrity": "sha512-Lh00i69Uf6G74mvYpHCI9KVVXLcHW/xu79YTvH7Mkc9zyKUeSPz0owW0dguj0Scavns3ZOh3wY63J0Zb97Za2g==",
      "dev": true
    }
  }
}
